
Microsoft Visual Studio Solution File, Format Version 12.00
# Visual Studio 14
VisualStudioVersion = 14.0.25420.1
MinimumVisualStudioVersion = 10.0.40219.1
Project("{FAE04EC0-301F-11D3-BF4B-00C04F79EFBC}") = "MyStore.Domain", "MyStore.Domain\MyStore.Domain.csproj", "{A909B832-F038-42E4-B9EC-37DEB43702C4}"
EndProject
Project("{FAE04EC0-301F-11D3-BF4B-00C04F79EFBC}") = "MyStore.WebUI", "MyStore.WebUI\MyStore.WebUI.csproj", "{D9AE9A79-237C-4423-9377-33CEB12644E7}"
EndProject
Project("{FAE04EC0-301F-11D3-BF4B-00C04F79EFBC}") = "MyStore.UnitTests", "MyStore.UnitTests\MyStore.UnitTests.csproj", "{853AE88F-29A6-495E-BDB4-74C94E35617B}"
EndProject
Global
	GlobalSection(SolutionConfigurationPlatforms) = preSolution
		Debug|Any CPU = Debug|Any CPU
		Release|Any CPU = Release|Any CPU
	EndGlobalSection
	GlobalSection(ProjectConfigurationPlatforms) = postSolution
		{A909B832-F038-42E4-B9EC-37DEB43702C4}.Debug|Any CPU.ActiveCfg = Debug|Any CPU
		{A909B832-F038-42E4-B9EC-37DEB43702C4}.Debug|Any CPU.Build.0 = Debug|Any CPU
		{A909B832-F038-42E4-B9EC-37DEB43702C4}.Release|Any CPU.ActiveCfg = Release|Any CPU
		{A909B832-F038-42E4-B9EC-37DEB43702C4}.Release|Any CPU.Build.0 = Release|Any CPU
		{D9AE9A79-237C-4423-9377-33CEB12644E7}.Debug|Any CPU.ActiveCfg = Debug|Any CPU
		{D9AE9A79-237C-4423-9377-33CEB12644E7}.Debug|Any CPU.Build.0 = Debug|Any CPU
		{D9AE9A79-237C-4423-9377-33CEB12644E7}.Release|Any CPU.ActiveCfg = Release|Any CPU
		{D9AE9A79-237C-4423-9377-33CEB12644E7}.Release|Any CPU.Build.0 = Release|Any CPU
		{853AE88F-29A6-495E-BDB4-74C94E35617B}.Debug|Any CPU.ActiveCfg = Debug|Any CPU
		{853AE88F-29A6-495E-BDB4-74C94E35617B}.Debug|Any CPU.Build.0 = Debug|Any CPU
		{853AE88F-29A6-495E-BDB4-74C94E35617B}.Release|Any CPU.ActiveCfg = Release|Any CPU
		{853AE88F-29A6-495E-BDB4-74C94E35617B}.Release|Any CPU.Build.0 = Release|Any CPU
	EndGlobalSection
	GlobalSection(SolutionProperties) = preSolution
		HideSolutionNode = FALSE
	EndGlobalSection
EndGlobal
